# THIS IS AN AUTOGENERATED FILE. DO NOT EDIT THIS FILE DIRECTLY.
# yarn lockfile v1


"@asiulijka/randomid-generator@^1.0.0":
  version "1.0.0"
  resolved "https://registry.yarnpkg.com/@asiulijka/randomid-generator/-/randomid-generator-1.0.0.tgz#35222cf8e39a529e31399162fdf4762cc485afe1"
  integrity sha512-yQ/wyoK6EbWL7kRrKyUFeUNHOTFAVLlw5ViTbiHQGlUH2CXuiYOCDhy53LfbDwczwvBcBxL7Jy2AobRspNoiTQ==
